// !$*UTF8*$!
{
	archiveVersion = 1;
	classes = {
	};
	objectVersion = 50;
	objects = {

/* Begin PBXBuildFile section */
		9B1435F925E6438400DF4664 /* SetCardGameApp.swift in Sources */ = {isa = PBXBuildFile; fileRef = 9B1435F825E6438400DF4664 /* SetCardGameApp.swift */; };
		9B1435FB25E6438400DF4664 /* SetGameView.swift in Sources */ = {isa = PBXBuildFile; fileRef = 9B1435FA25E6438400DF4664 /* SetGameView.swift */; };
		9B1435FD25E6438700DF4664 /* Assets.xcassets in Resources */ = {isa = PBXBuildFile; fileRef = 9B1435FC25E6438700DF4664 /* Assets.xcassets */; };
		9B14360025E6438700DF4664 /* Preview Assets.xcassets in Resources */ = {isa = PBXBuildFile; fileRef = 9B1435FF25E6438700DF4664 /* Preview Assets.xcassets */; };
		9B14360925E6454000DF4664 /* SetGameViewModel.swift in Sources */ = {isa = PBXBuildFile; fileRef = 9B14360825E6454000DF4664 /* SetGameViewModel.swift */; };
		9B14360C25E6455600DF4664 /* SetGameModel.swift in Sources */ = {isa = PBXBuildFile; fileRef = 9B14360B25E6455600DF4664 /* SetGameModel.swift */; };
		9B14360F25E6459700DF4664 /* Grid.swift in Sources */ = {isa = PBXBuildFile; fileRef = 9B14360E25E6459700DF4664 /* Grid.swift */; };
		9B14361225E645AF00DF4664 /* GridLayout.swift in Sources */ = {isa = PBXBuildFile; fileRef = 9B14361125E645AF00DF4664 /* GridLayout.swift */; };
		9B14361525E6466600DF4664 /* Array+Identifiable.swift in Sources */ = {isa = PBXBuildFile; fileRef = 9B14361425E6466600DF4664 /* Array+Identifiable.swift */; };
		9B14361925E646C400DF4664 /* Array+Only.swift in Sources */ = {isa = PBXBuildFile; fileRef = 9B14361825E646C400DF4664 /* Array+Only.swift */; };
		9B14361C25E6579100DF4664 /* Deck.swift in Sources */ = {isa = PBXBuildFile; fileRef = 9B14361B25E6579100DF4664 /* Deck.swift */; };
/* End PBXBuildFile section */

/* Begin PBXFileReference section */
		9B1435F525E6438400DF4664 /* SetCardGame.app */ = {isa = PBXFileReference; explicitFileType = wrapper.application; includeInIndex = 0; path = SetCardGame.app; sourceTree = BUILT_PRODUCTS_DIR; };
		9B1435F825E6438400DF4664 /* SetCardGameApp.swift */ = {isa = PBXFileReference; lastKnownFileType = sourcecode.swift; path = SetCardGameApp.swift; sourceTree = "<group>"; };
		9B1435FA25E6438400DF4664 /* SetGameView.swift */ = {isa = PBXFileReference; lastKnownFileType = sourcecode.swift; path = SetGameView.swift; sourceTree = "<group>"; };
		9B1435FC25E6438700DF4664 /* Assets.xcassets */ = {isa = PBXFileReference; lastKnownFileType = folder.assetcatalog; path = Assets.xcassets; sourceTree = "<group>"; };
		9B1435FF25E6438700DF4664 /* Preview Assets.xcassets */ = {isa = PBXFileReference; lastKnownFileType = folder.assetcatalog; path = "Preview Assets.xcassets"; sourceTree = "<group>"; };
		9B14360125E6438700DF4664 /* Info.plist */ = {isa = PBXFileReference; lastKnownFileType = text.plist.xml; path = Info.plist; sourceTree = "<group>"; };
		9B14360825E6454000DF4664 /* SetGameViewModel.swift */ = {isa = PBXFileReference; lastKnownFileType = sourcecode.swift; path = SetGameViewModel.swift; sourceTree = "<group>"; };
		9B14360B25E6455600DF4664 /* SetGameModel.swift */ = {isa = PBXFileReference; lastKnownFileType = sourcecode.swift; path = SetGameModel.swift; sourceTree = "<group>"; };
		9B14360E25E6459700DF4664 /* Grid.swift */ = {isa = PBXFileReference; lastKnownFileType = sourcecode.swift; path = Grid.swift; sourceTree = "<group>"; };
		9B14361125E645AF00DF4664 /* GridLayout.swift */ = {isa = PBXFileReference; lastKnownFileType = sourcecode.swift; path = GridLayout.swift; sourceTree = "<group>"; };
		9B14361425E6466600DF4664 /* Array+Identifiable.swift */ = {isa = PBXFileReference; lastKnownFileType = sourcecode.swift; path = "Array+Identifiable.swift"; sourceTree = "<group>"; };
		9B14361825E646C400DF4664 /* Array+Only.swift */ = {isa = PBXFileReference; lastKnownFileType = sourcecode.swift; path = "Array+Only.swift"; sourceTree = "<group>"; };
		9B14361B25E6579100DF4664 /* Deck.swift */ = {isa = PBXFileReference; lastKnownFileType = sourcecode.swift; path = Deck.swift; sourceTree = "<group>"; };
/* End PBXFileReference section */

/* Begin PBXFrameworksBuildPhase section */
		9B1435F225E6438400DF4664 /* Frameworks */ = {
			isa = PBXFrameworksBuildPhase;
			buildActionMask = 2147483647;
			files = (
			);
			runOnlyForDeploymentPostprocessing = 0;
		};
/* End PBXFrameworksBuildPhase section */

/* Begin PBXGroup section */
		9B1435EC25E6438400DF4664 = {
			isa = PBXGroup;
			children = (
				9B1435F725E6438400DF4664 /* SetCardGame */,
				9B1435F625E6438400DF4664 /* Products */,
			);
			sourceTree = "<group>";
		};
		9B1435F625E6438400DF4664 /* Products */ = {
			isa = PBXGroup;
			children = (
				9B1435F525E6438400DF4664 /* SetCardGame.app */,
			);
			name = Products;
			sourceTree = "<group>";
		};
		9B1435F725E6438400DF4664 /* SetCardGame */ = {
			isa = PBXGroup;
			children = (
				9B1435F825E6438400DF4664 /* SetCardGameApp.swift */,
				9B14361425E6466600DF4664 /* Array+Identifiable.swift */,
				9B14361825E646C400DF4664 /* Array+Only.swift */,
				9B1435FA25E6438400DF4664 /* SetGameView.swift */,
				9B14360E25E6459700DF4664 /* Grid.swift */,
				9B14361125E645AF00DF4664 /* GridLayout.swift */,
				9B14360825E6454000DF4664 /* SetGameViewModel.swift */,
				9B14360B25E6455600DF4664 /* SetGameModel.swift */,
				9B14361B25E6579100DF4664 /* Deck.swift */,
				9B1435FC25E6438700DF4664 /* Assets.xcassets */,
				9B14360125E6438700DF4664 /* Info.plist */,
				9B1435FE25E6438700DF4664 /* Preview Content */,
			);
			path = SetCardGame;
			sourceTree = "<group>";
		};
		9B1435FE25E6438700DF4664 /* Preview Content */ = {
			isa = PBXGroup;
			children = (
				9B1435FF25E6438700DF4664 /* Preview Assets.xcassets */,
			);
			path = "Preview Content";
			sourceTree = "<group>";
		};
/* End PBXGroup section */

/* Begin PBXNativeTarget section */
		9B1435F425E6438400DF4664 /* SetCardGame */ = {
			isa = PBXNativeTarget;
			buildConfigurationList = 9B14360425E6438700DF4664 /* Build configuration list for PBXNativeTarget "SetCardGame" */;
			buildPhases = (
				9B1435F125E6438400DF4664 /* Sources */,
				9B1435F225E6438400DF4664 /* Frameworks */,
				9B1435F325E6438400DF4664 /* Resources */,
			);
			buildRules = (
			);
			dependencies = (
			);
			name = SetCardGame;
			productName = SetCardGame;
			productReference = 9B1435F525E6438400DF4664 /* SetCardGame.app */;
			productType = "com.apple.product-type.application";
		};
/* End PBXNativeTarget section */

/* Begin PBXProject section */
		9B1435ED25E6438400DF4664 /* Project object */ = {
			isa = PBXProject;
			attributes = {
				LastSwiftUpdateCheck = 1240;
				LastUpgradeCheck = 1240;
				TargetAttributes = {
					9B1435F425E6438400DF4664 = {
						CreatedOnToolsVersion = 12.4;
					};
				};
			};
			buildConfigurationList = 9B1435F025E6438400DF4664 /* Build configuration list for PBXProject "SetCardGame" */;
			compatibilityVersion = "Xcode 9.3";
			developmentRegion = en;
			hasScannedForEncodings = 0;
			knownRegions = (
				en,
				Base,
			);
			mainGroup = 9B1435EC25E6438400DF4664;
			productRefGroup = 9B1435F625E6438400DF4664 /* Products */;
			projectDirPath = "";
			projectRoot = "";
			targets = (
				9B1435F425E6438400DF4664 /* SetCardGame */,
			);
		};
/* End PBXProject section */

/* Begin PBXResourcesBuildPhase section */
		9B1435F325E6438400DF4664 /* Resources */ = {
			isa = PBXResourcesBuildPhase;
			buildActionMask = 2147483647;
			files = (
				9B14360025E6438700DF4664 /* Preview Assets.xcassets in Resources */,
				9B1435FD25E6438700DF4664 /* Assets.xcassets in Resources */,
			);
			runOnlyForDeploymentPostprocessing = 0;
		};
/* End PBXResourcesBuildPhase section */

/* Begin PBXSourcesBuildPhase section */
		9B1435F125E6438400DF4664 /* Sources */ = {
			isa = PBXSourcesBuildPhase;
			buildActionMask = 2147483647;
			files = (
				9B14361C25E6579100DF4664 /* Deck.swift in Sources */,
				9B14360C25E6455600DF4664 /* SetGameModel.swift in Sources */,
				9B14360925E6454000DF4664 /* SetGameViewModel.swift in Sources */,
				9B14361525E6466600DF4664 /* Array+Identifiable.swift in Sources */,
				9B1435FB25E6438400DF4664 /* SetGameView.swift in Sources */,
				9B14361225E645AF00DF4664 /* GridLayout.swift in Sources */,
				9B14360F25E6459700DF4664 /* Grid.swift in Sources */,
				9B1435F925E6438400DF4664 /* SetCardGameApp.swift in Sources */,
				9B14361925E646C400DF4664 /* Array+Only.swift in Sources */,
			);
			runOnlyForDeploymentPostprocessing = 0;
		};
/* End PBXSourcesBuildPhase section */

/* Begin XCBuildConfiguration section */
		9B14360225E6438700DF4664 /* Debug */ = {
			isa = XCBuildConfiguration;
			buildSettings = {
				ALWAYS_SEARCH_USER_PATHS = NO;
				CLANG_ANALYZER_NONNULL = YES;
				CLANG_ANALYZER_NUMBER_OBJECT_CONVERSION = YES_AGGRESSIVE;
				CLANG_CXX_LANGUAGE_STANDARD = "gnu++14";
				CLANG_CXX_LIBRARY = "libc++";
				CLANG_ENABLE_MODULES = YES;
				CLANG_ENABLE_OBJC_ARC = YES;
				CLANG_ENABLE_OBJC_WEAK = YES;
				CLANG_WARN_BLOCK_CAPTURE_AUTORELEASING = YES;
				CLANG_WARN_BOOL_CONVERSION = YES;
				CLANG_WARN_COMMA = YES;
				CLANG_WARN_CONSTANT_CONVERSION = YES;
				CLANG_WARN_DEPRECATED_OBJC_IMPLEMENTATIONS = YES;
				CLANG_WARN_DIRECT_OBJC_ISA_USAGE = YES_ERROR;
				CLANG_WARN_DOCUMENTATION_COMMENTS = YES;
				CLANG_WARN_EMPTY_BODY = YES;
				CLANG_WARN_ENUM_CONVERSION = YES;
				CLANG_WARN_INFINITE_RECURSION = YES;
				CLANG_WARN_INT_CONVERSION = YES;
				CLANG_WARN_NON_LITERAL_NULL_CONVERSION = YES;
				CLANG_WARN_OBJC_IMPLICIT_RETAIN_SELF = YES;
				CLANG_WARN_OBJC_LITERAL_CONVERSION = YES;
				CLANG_WARN_OBJC_ROOT_CLASS = YES_ERROR;
				CLANG_WARN_QUOTED_INCLUDE_IN_FRAMEWORK_HEADER = YES;
				CLANG_WARN_RANGE_LOOP_ANALYSIS = YES;
				CLANG_WARN_STRICT_PROTOTYPES = YES;
				CLANG_WARN_SUSPICIOUS_MOVE = YES;
				CLANG_WARN_UNGUARDED_AVAILABILITY = YES_AGGRESSIVE;
				CLANG_WARN_UNREACHABLE_CODE = YES;
				CLANG_WARN__DUPLICATE_METHOD_MATCH = YES;
				COPY_PHASE_STRIP = NO;
				DEBUG_INFORMATION_FORMAT = dwarf;
				ENABLE_STRICT_OBJC_MSGSEND = YES;
				ENABLE_TESTABILITY = YES;
				GCC_C_LANGUAGE_STANDARD = gnu11;
				GCC_DYNAMIC_NO_PIC = NO;
				GCC_NO_COMMON_BLOCKS = YES;
				GCC_OPTIMIZATION_LEVEL = 0;
				GCC_PREPROCESSOR_DEFINITIONS = (
					"DEBUG=1",
					"$(inherited)",
				);
				GCC_WARN_64_TO_32_BIT_CONVERSION = YES;
				GCC_WARN_ABOUT_RETURN_TYPE = YES_ERROR;
				GCC_WARN_UNDECLARED_SELECTOR = YES;
				GCC_WARN_UNINITIALIZED_AUTOS = YES_AGGRESSIVE;
				GCC_WARN_UNUSED_FUNCTION = YES;
				GCC_WARN_UNUSED_VARIABLE = YES;
				IPHONEOS_DEPLOYMENT_TARGET = 14.4;
				MTL_ENABLE_DEBUG_INFO = INCLUDE_SOURCE;
				MTL_FAST_MATH = YES;
				ONLY_ACTIVE_ARCH = YES;
				SDKROOT = iphoneos;
				SWIFT_ACTIVE_COMPILATION_CONDITIONS = DEBUG;
				SWIFT_OPTIMIZATION_LEVEL = "-Onone";
			};
			name = Debug;
		};
		9B14360325E6438700DF4664 /* Release */ = {
			isa = XCBuildConfiguration;
			buildSettings = {
				ALWAYS_SEARCH_USER_PATHS = NO;
				CLANG_ANALYZER_NONNULL = YES;
				CLANG_ANALYZER_NUMBER_OBJECT_CONVERSION = YES_AGGRESSIVE;
				CLANG_CXX_LANGUAGE_STANDARD = "gnu++14";
				CLANG_CXX_LIBRARY = "libc++";
				CLANG_ENABLE_MODULES = YES;
				CLANG_ENABLE_OBJC_ARC = YES;
				CLANG_ENABLE_OBJC_WEAK = YES;
				CLANG_WARN_BLOCK_CAPTURE_AUTORELEASING = YES;
				CLANG_WARN_BOOL_CONVERSION = YES;
				CLANG_WARN_COMMA = YES;
				CLANG_WARN_CONSTANT_CONVERSION = YES;
				CLANG_WARN_DEPRECATED_OBJC_IMPLEMENTATIONS = YES;
				CLANG_WARN_DIRECT_OBJC_ISA_USAGE = YES_ERROR;
				CLANG_WARN_DOCUMENTATION_COMMENTS = YES;
				CLANG_WARN_EMPTY_BODY = YES;
				CLANG_WARN_ENUM_CONVERSION = YES;
				CLANG_WARN_INFINITE_RECURSION = YES;
				CLANG_WARN_INT_CONVERSION = YES;
				CLANG_WARN_NON_LITERAL_NULL_CONVERSION = YES;
				CLANG_WARN_OBJC_IMPLICIT_RETAIN_SELF = YES;
				CLANG_WARN_OBJC_LITERAL_CONVERSION = YES;
				CLANG_WARN_OBJC_ROOT_CLASS = YES_ERROR;
				CLANG_WARN_QUOTED_INCLUDE_IN_FRAMEWORK_HEADER = YES;
				CLANG_WARN_RANGE_LOOP_ANALYSIS = YES;
				CLANG_WARN_STRICT_PROTOTYPES = YES;
				CLANG_WARN_SUSPICIOUS_MOVE = YES;
				CLANG_WARN_UNGUARDED_AVAILABILITY = YES_AGGRESSIVE;
				CLANG_WARN_UNREACHABLE_CODE = YES;
				CLANG_WARN__DUPLICATE_METHOD_MATCH = YES;
				COPY_PHASE_STRIP = NO;
				DEBUG_INFORMATION_FORMAT = "dwarf-with-dsym";
				ENABLE_NS_ASSERTIONS = NO;
				ENABLE_STRICT_OBJC_MSGSEND = YES;
				GCC_C_LANGUAGE_STANDARD = gnu11;
				GCC_NO_COMMON_BLOCKS = YES;
				GCC_WARN_64_TO_32_BIT_CONVERSION = YES;
				GCC_WARN_ABOUT_RETURN_TYPE = YES_ERROR;
				GCC_WARN_UNDECLARED_SELECTOR = YES;
				GCC_WARN_UNINITIALIZED_AUTOS = YES_AGGRESSIVE;
				GCC_WARN_UNUSED_FUNCTION = YES;
				GCC_WARN_UNUSED_VARIABLE = YES;
				IPHONEOS_DEPLOYMENT_TARGET = 14.4;
				MTL_ENABLE_DEBUG_INFO = NO;
				MTL_FAST_MATH = YES;
				SDKROOT = iphoneos;
				SWIFT_COMPILATION_MODE = wholemodule;
				SWIFT_OPTIMIZATION_LEVEL = "-O";
				VALIDATE_PRODUCT = YES;
			};
			name = Release;
		};
		9B14360525E6438700DF4664 /* Debug */ = {
			isa = XCBuildConfiguration;
			buildSettings = {
				ASSETCATALOG_COMPILER_APPICON_NAME = AppIcon;
				ASSETCATALOG_COMPILER_GLOBAL_ACCENT_COLOR_NAME = AccentColor;
				CODE_SIGN_STYLE = Automatic;
				DEVELOPMENT_ASSET_PATHS = "\"SetCardGame/Preview Content\"";
				DEVELOPMENT_TEAM = HY3A45874N;
				ENABLE_PREVIEWS = YES;
				INFOPLIST_FILE = SetCardGame/Info.plist;
				IPHONEOS_DEPLOYMENT_TARGET = 14.0;
				LD_RUNPATH_SEARCH_PATHS = (
					"$(inherited)",
					"@executable_path/Frameworks",
				);
				PRODUCT_BUNDLE_IDENTIFIER = "Sergey-Borisov.SetCardGame";
				PRODUCT_NAME = "$(TARGET_NAME)";
				SWIFT_VERSION = 5.0;
				TARGETED_DEVICE_FAMILY = "1,2";
			};
			name = Debug;
		};
		9B14360625E6438700DF4664 /* Release */ = {
			isa = XCBuildConfiguration;
			buildSettings = {
				ASSETCATALOG_COMPILER_APPICON_NAME = AppIcon;
				ASSETCATALOG_COMPILER_GLOBAL_ACCENT_COLOR_NAME = AccentColor;
				CODE_SIGN_STYLE = Automatic;
				DEVELOPMENT_ASSET_PATHS = "\"SetCardGame/Preview Content\"";
				DEVELOPMENT_TEAM = HY3A45874N;
				ENABLE_PREVIEWS = YES;
				INFOPLIST_FILE = SetCardGame/Info.plist;
				IPHONEOS_DEPLOYMENT_TARGET = 14.0;
				LD_RUNPATH_SEARCH_PATHS = (
					"$(inherited)",
					"@executable_path/Frameworks",
				);
				PRODUCT_BUNDLE_IDENTIFIER = "Sergey-Borisov.SetCardGame";
				PRODUCT_NAME = "$(TARGET_NAME)";
				SWIFT_VERSION = 5.0;
				TARGETED_DEVICE_FAMILY = "1,2";
			};
			name = Release;
		};
/* End XCBuildConfiguration section */

/* Begin XCConfigurationList section */
		9B1435F025E6438400DF4664 /* Build configuration list for PBXProject "SetCardGame" */ = {
			isa = XCConfigurationList;
			buildConfigurations = (
				9B14360225E6438700DF4664 /* Debug */,
				9B14360325E6438700DF4664 /* Release */,
			);
			defaultConfigurationIsVisible = 0;
			defaultConfigurationName = Release;
		};
		9B14360425E6438700DF4664 /* Build configuration list for PBXNativeTarget "SetCardGame" */ = {
			isa = XCConfigurationList;
			buildConfigurations = (
				9B14360525E6438700DF4664 /* Debug */,
				9B14360625E6438700DF4664 /* Release */,
			);
			defaultConfigurationIsVisible = 0;
			defaultConfigurationName = Release;
		};
/* End XCConfigurationList section */
	};
	rootObject = 9B1435ED25E6438400DF4664 /* Project object */;
}
